
Microsoft Visual Studio Solution File, Format Version 11.00
# Visual Studio 2010
# SharpDevelop 5.1
Project("{FAE04EC0-301F-11D3-BF4B-00C04F79EFBC}") = "Proyecto Pasteleria G1", "Proyecto Pasteleria G1\Proyecto Pasteleria G1.csproj", "{68900F18-F5BE-4315-9C45-071E8FDDB665}"
EndProject
Global
	GlobalSection(SolutionConfigurationPlatforms) = preSolution
		Debug|Any CPU = Debug|Any CPU
		Release|Any CPU = Release|Any CPU
	EndGlobalSection
	GlobalSection(ProjectConfigurationPlatforms) = postSolution
		{68900F18-F5BE-4315-9C45-071E8FDDB665}.Debug|Any CPU.ActiveCfg = Debug|Any CPU
		{68900F18-F5BE-4315-9C45-071E8FDDB665}.Debug|Any CPU.Build.0 = Debug|Any CPU
		{68900F18-F5BE-4315-9C45-071E8FDDB665}.Release|Any CPU.ActiveCfg = Release|Any CPU
		{68900F18-F5BE-4315-9C45-071E8FDDB665}.Release|Any CPU.Build.0 = Release|Any CPU
	EndGlobalSection
EndGlobal
